
Microsoft Visual Studio Solution File, Format Version 12.00
# Visual Studio Version 16
VisualStudioVersion = 16.0.30907.101
MinimumVisualStudioVersion = 10.0.40219.1
Project("{FAE04EC0-301F-11D3-BF4B-00C04F79EFBC}") = "DelegateDemo", "DelegateDemo\DelegateDemo.csproj", "{D53D8EEA-0CAC-455E-AC81-8A7A209CCDCA}"
EndProject
Global
	GlobalSection(SolutionConfigurationPlatforms) = preSolution
		Debug|Any CPU = Debug|Any CPU
		Release|Any CPU = Release|Any CPU
	EndGlobalSection
	GlobalSection(ProjectConfigurationPlatforms) = postSolution
		{D53D8EEA-0CAC-455E-AC81-8A7A209CCDCA}.Debug|Any CPU.ActiveCfg = Debug|Any CPU
		{D53D8EEA-0CAC-455E-AC81-8A7A209CCDCA}.Debug|Any CPU.Build.0 = Debug|Any CPU
		{D53D8EEA-0CAC-455E-AC81-8A7A209CCDCA}.Release|Any CPU.ActiveCfg = Release|Any CPU
		{D53D8EEA-0CAC-455E-AC81-8A7A209CCDCA}.Release|Any CPU.Build.0 = Release|Any CPU
	EndGlobalSection
	GlobalSection(SolutionProperties) = preSolution
		HideSolutionNode = FALSE
	EndGlobalSection
	GlobalSection(ExtensibilityGlobals) = postSolution
		SolutionGuid = {D07D8F68-A2A9-4F46-A185-EA84C1B7EF06}
	EndGlobalSection
EndGlobal
